
Microsoft Visual Studio Solution File, Format Version 12.00
# Visual Studio Version 17
VisualStudioVersion = 17.6.33723.286
MinimumVisualStudioVersion = 10.0.40219.1
Project("{9A19103F-16F7-4668-BE54-9A1E7A4F7556}") = "01.ApocalypsePreparation", "01.ApocalypsePreparation\01.ApocalypsePreparation.csproj", "{681D1694-E143-4744-8F6E-D70C7EEA78E5}"
EndProject
Project("{9A19103F-16F7-4668-BE54-9A1E7A4F7556}") = "02.BlindMansBuff", "02.BlindMansBuff\02.BlindMansBuff.csproj", "{3FBBC892-9523-4ADA-9614-AB3D338F21C3}"
EndProject
Project("{9A19103F-16F7-4668-BE54-9A1E7A4F7556}") = "03.SoftUniKindergarten", "03.SoftUniKindergarten\03.SoftUniKindergarten.csproj", "{84AD6C57-2BC3-460A-A0B0-ED4D4551051A}"
EndProject
Global
	GlobalSection(SolutionConfigurationPlatforms) = preSolution
		Debug|Any CPU = Debug|Any CPU
		Release|Any CPU = Release|Any CPU
	EndGlobalSection
	GlobalSection(ProjectConfigurationPlatforms) = postSolution
		{681D1694-E143-4744-8F6E-D70C7EEA78E5}.Debug|Any CPU.ActiveCfg = Debug|Any CPU
		{681D1694-E143-4744-8F6E-D70C7EEA78E5}.Debug|Any CPU.Build.0 = Debug|Any CPU
		{681D1694-E143-4744-8F6E-D70C7EEA78E5}.Release|Any CPU.ActiveCfg = Release|Any CPU
		{681D1694-E143-4744-8F6E-D70C7EEA78E5}.Release|Any CPU.Build.0 = Release|Any CPU
		{3FBBC892-9523-4ADA-9614-AB3D338F21C3}.Debug|Any CPU.ActiveCfg = Debug|Any CPU
		{3FBBC892-9523-4ADA-9614-AB3D338F21C3}.Debug|Any CPU.Build.0 = Debug|Any CPU
		{3FBBC892-9523-4ADA-9614-AB3D338F21C3}.Release|Any CPU.ActiveCfg = Release|Any CPU
		{3FBBC892-9523-4ADA-9614-AB3D338F21C3}.Release|Any CPU.Build.0 = Release|Any CPU
		{84AD6C57-2BC3-460A-A0B0-ED4D4551051A}.Debug|Any CPU.ActiveCfg = Debug|Any CPU
		{84AD6C57-2BC3-460A-A0B0-ED4D4551051A}.Debug|Any CPU.Build.0 = Debug|Any CPU
		{84AD6C57-2BC3-460A-A0B0-ED4D4551051A}.Release|Any CPU.ActiveCfg = Release|Any CPU
		{84AD6C57-2BC3-460A-A0B0-ED4D4551051A}.Release|Any CPU.Build.0 = Release|Any CPU
	EndGlobalSection
	GlobalSection(SolutionProperties) = preSolution
		HideSolutionNode = FALSE
	EndGlobalSection
	GlobalSection(ExtensibilityGlobals) = postSolution
		SolutionGuid = {C146BB51-1EFD-475E-A0BC-5FF69F727897}
	EndGlobalSection
EndGlobal
